
Microsoft Visual Studio Solution File, Format Version 12.00
# Visual Studio Version 17
VisualStudioVersion = 17.9.34622.214
MinimumVisualStudioVersion = 10.0.40219.1
Project("{FAE04EC0-301F-11D3-BF4B-00C04F79EFBC}") = "ConsoleAppHelloUser", "ConsoleAppHelloUser\ConsoleAppHelloUser.csproj", "{57834D99-A822-4B63-BEE4-C023CB24A9BC}"
EndProject
Project("{FAE04EC0-301F-11D3-BF4B-00C04F79EFBC}") = "HelloWorldLibrary", "HelloWorldLibrary\HelloWorldLibrary.csproj", "{669990C9-0D61-4BFE-A96D-D7EFC6BE927E}"
EndProject
Global
	GlobalSection(SolutionConfigurationPlatforms) = preSolution
		Debug|Any CPU = Debug|Any CPU
		Release|Any CPU = Release|Any CPU
	EndGlobalSection
	GlobalSection(ProjectConfigurationPlatforms) = postSolution
		{57834D99-A822-4B63-BEE4-C023CB24A9BC}.Debug|Any CPU.ActiveCfg = Debug|Any CPU
		{57834D99-A822-4B63-BEE4-C023CB24A9BC}.Debug|Any CPU.Build.0 = Debug|Any CPU
		{57834D99-A822-4B63-BEE4-C023CB24A9BC}.Release|Any CPU.ActiveCfg = Release|Any CPU
		{57834D99-A822-4B63-BEE4-C023CB24A9BC}.Release|Any CPU.Build.0 = Release|Any CPU
		{669990C9-0D61-4BFE-A96D-D7EFC6BE927E}.Debug|Any CPU.ActiveCfg = Debug|Any CPU
		{669990C9-0D61-4BFE-A96D-D7EFC6BE927E}.Debug|Any CPU.Build.0 = Debug|Any CPU
		{669990C9-0D61-4BFE-A96D-D7EFC6BE927E}.Release|Any CPU.ActiveCfg = Release|Any CPU
		{669990C9-0D61-4BFE-A96D-D7EFC6BE927E}.Release|Any CPU.Build.0 = Release|Any CPU
	EndGlobalSection
	GlobalSection(SolutionProperties) = preSolution
		HideSolutionNode = FALSE
	EndGlobalSection
	GlobalSection(ExtensibilityGlobals) = postSolution
		SolutionGuid = {5C8A9A95-17F8-4B5E-B90E-28FCAC06E898}
	EndGlobalSection
EndGlobal
